
Microsoft Visual Studio Solution File, Format Version 12.00
# Visual Studio Version 16
VisualStudioVersion = 16.0.30621.155
MinimumVisualStudioVersion = 10.0.40219.1
Project("{FAE04EC0-301F-11D3-BF4B-00C04F79EFBC}") = "OpdrachtWPF", "OpdrachtWPF\OpdrachtWPF.csproj", "{BE288632-938C-42E0-B043-338B9684B521}"
EndProject
Global
	GlobalSection(SolutionConfigurationPlatforms) = preSolution
		Debug|Any CPU = Debug|Any CPU
		Release|Any CPU = Release|Any CPU
	EndGlobalSection
	GlobalSection(ProjectConfigurationPlatforms) = postSolution
		{BE288632-938C-42E0-B043-338B9684B521}.Debug|Any CPU.ActiveCfg = Debug|Any CPU
		{BE288632-938C-42E0-B043-338B9684B521}.Debug|Any CPU.Build.0 = Debug|Any CPU
		{BE288632-938C-42E0-B043-338B9684B521}.Release|Any CPU.ActiveCfg = Release|Any CPU
		{BE288632-938C-42E0-B043-338B9684B521}.Release|Any CPU.Build.0 = Release|Any CPU
	EndGlobalSection
	GlobalSection(SolutionProperties) = preSolution
		HideSolutionNode = FALSE
	EndGlobalSection
	GlobalSection(ExtensibilityGlobals) = postSolution
		SolutionGuid = {960609D3-7859-4B88-B554-7998BB8EE083}
	EndGlobalSection
EndGlobal
